
Microsoft Visual Studio Solution File, Format Version 12.00
# Visual Studio Version 17
VisualStudioVersion = 17.14.36221.1 d17.14
MinimumVisualStudioVersion = 10.0.40219.1
Project("{FAE04EC0-301F-11D3-BF4B-00C04F79EFBC}") = "PracticaRestaurante", "PracticaRestaurante\PracticaRestaurante.csproj", "{A0A8ECBE-2885-40AB-BD54-BCAC54F94B46}"
EndProject
Project("{FAE04EC0-301F-11D3-BF4B-00C04F79EFBC}") = "Domain", "Domain\Domain.csproj", "{1F73C8B0-B7C8-47EE-84EA-8F36092E35ED}"
EndProject
Project("{FAE04EC0-301F-11D3-BF4B-00C04F79EFBC}") = "Aplication", "Aplication\Aplication.csproj", "{87D2EE73-3D34-417E-A2A6-BEF181D4B002}"
EndProject
Project("{FAE04EC0-301F-11D3-BF4B-00C04F79EFBC}") = "Infraestructure", "Infraestructure\Infraestructure.csproj", "{BB1534CD-A9DB-4E04-8182-2BB28DF04CB0}"
EndProject
Global
	GlobalSection(SolutionConfigurationPlatforms) = preSolution
		Debug|Any CPU = Debug|Any CPU
		Release|Any CPU = Release|Any CPU
	EndGlobalSection
	GlobalSection(ProjectConfigurationPlatforms) = postSolution
		{A0A8ECBE-2885-40AB-BD54-BCAC54F94B46}.Debug|Any CPU.ActiveCfg = Debug|Any CPU
		{A0A8ECBE-2885-40AB-BD54-BCAC54F94B46}.Debug|Any CPU.Build.0 = Debug|Any CPU
		{A0A8ECBE-2885-40AB-BD54-BCAC54F94B46}.Release|Any CPU.ActiveCfg = Release|Any CPU
		{A0A8ECBE-2885-40AB-BD54-BCAC54F94B46}.Release|Any CPU.Build.0 = Release|Any CPU
		{1F73C8B0-B7C8-47EE-84EA-8F36092E35ED}.Debug|Any CPU.ActiveCfg = Debug|Any CPU
		{1F73C8B0-B7C8-47EE-84EA-8F36092E35ED}.Debug|Any CPU.Build.0 = Debug|Any CPU
		{1F73C8B0-B7C8-47EE-84EA-8F36092E35ED}.Release|Any CPU.ActiveCfg = Release|Any CPU
		{1F73C8B0-B7C8-47EE-84EA-8F36092E35ED}.Release|Any CPU.Build.0 = Release|Any CPU
		{87D2EE73-3D34-417E-A2A6-BEF181D4B002}.Debug|Any CPU.ActiveCfg = Debug|Any CPU
		{87D2EE73-3D34-417E-A2A6-BEF181D4B002}.Debug|Any CPU.Build.0 = Debug|Any CPU
		{87D2EE73-3D34-417E-A2A6-BEF181D4B002}.Release|Any CPU.ActiveCfg = Release|Any CPU
		{87D2EE73-3D34-417E-A2A6-BEF181D4B002}.Release|Any CPU.Build.0 = Release|Any CPU
		{BB1534CD-A9DB-4E04-8182-2BB28DF04CB0}.Debug|Any CPU.ActiveCfg = Debug|Any CPU
		{BB1534CD-A9DB-4E04-8182-2BB28DF04CB0}.Debug|Any CPU.Build.0 = Debug|Any CPU
		{BB1534CD-A9DB-4E04-8182-2BB28DF04CB0}.Release|Any CPU.ActiveCfg = Release|Any CPU
		{BB1534CD-A9DB-4E04-8182-2BB28DF04CB0}.Release|Any CPU.Build.0 = Release|Any CPU
	EndGlobalSection
	GlobalSection(SolutionProperties) = preSolution
		HideSolutionNode = FALSE
	EndGlobalSection
	GlobalSection(ExtensibilityGlobals) = postSolution
		SolutionGuid = {3EB3D812-1F35-48CC-82F1-D4FC7DD03060}
	EndGlobalSection
EndGlobal
